{
    "name": "bobx",
    "version": "1.2.3",
    "lockfileVersion": 3,
    "requires": true,
    "packages": {
        "": {
            "name": "bobx",
            "version": "1.2.3",
            "license": "MIT",
            "dependencies": {
                "bobril": "*"
            },
            "devDependencies": {
                "bobflux": "*",
                "typescript": "*"
            }
        },
        "node_modules/bobflux": {
            "version": "11.1.0",
            "resolved": "https://registry.npmjs.org/bobflux/-/bobflux-11.1.0.tgz",
            "integrity": "sha512-dyjFMURrdpa6pSsOJNaGkOljOqOGPseG9KUD0op7eQla8rB5PhMGBM1pyKEY8DpYF5Dhw/l4A110E3ywNOabxw==",
            "dev": true,
            "license": "MIT",
            "dependencies": {
                "bobril": "*",
                "fun-model": "7.*"
            }
        },
        "node_modules/bobril": {
            "version": "20.9.1",
            "resolved": "https://registry.npmjs.org/bobril/-/bobril-20.9.1.tgz",
            "integrity": "sha512-ScKDM3BNiyYaWD3j1UINjpRNpPk2HMxLDZ3fTC7NqVQXoaTf2YmLB3MSG4Bt+Ob+4yXGhiS9hq0SpLYFSAIa9A==",
            "license": "MIT"
        },
        "node_modules/fun-model": {
            "version": "7.0.1",
            "resolved": "https://registry.npmjs.org/fun-model/-/fun-model-7.0.1.tgz",
            "integrity": "sha512-1/M0RDuCKtGNI8Es5jLva/hSNW9rVkyoCij2hSG9MoxaoIAXKXJbitMfJQ+mdeN0W4ZQlrZWdfXVXDTGf5cemQ==",
            "dev": true,
            "license": "MIT"
        },
        "node_modules/typescript": {
            "version": "5.6.3",
            "resolved": "https://registry.npmjs.org/typescript/-/typescript-5.6.3.tgz",
            "integrity": "sha512-hjcS1mhfuyi4WW8IWtjP7brDrG2cuDZukyrYrSauoXGNgx0S7zceP07adYkJycEr56BOUTNPzbInooiN3fn1qw==",
            "dev": true,
            "license": "Apache-2.0",
            "bin": {
                "tsc": "bin/tsc",
                "tsserver": "bin/tsserver"
            },
            "engines": {
                "node": ">=14.17"
            }
        }
    }
}
