{
    "name": "bobx",
    "version": "0.14.1",
    "lockfileVersion": 1,
    "requires": true,
    "dependencies": {
        "bobflux": {
            "version": "9.0.1",
            "resolved": "https://registry.npmjs.org/bobflux/-/bobflux-9.0.1.tgz",
            "integrity": "sha1-iDXWZzVxS73Doo3BirT902ywnO0=",
            "dev": true,
            "requires": {
                "bobril": "*",
                "fun-model": "6.*"
            }
        },
        "bobril": {
            "version": "8.11.2",
            "dependencies": {
                "prettier": {
                    "version": "1.14.0",
                    "bundled": true
                },
                "typescript": {
                    "version": "3.0.1",
                    "bundled": true
                }
            }
        },
        "fun-model": {
            "version": "6.3.0",
            "resolved": "https://registry.npmjs.org/fun-model/-/fun-model-6.3.0.tgz",
            "integrity": "sha1-bBMdtrrfwf3KWoOpjAFMUFhePBU=",
            "dev": true
        }
    }
}
