# THIS IS AN AUTOGENERATED FILE. DO NOT EDIT THIS FILE DIRECTLY.
# yarn lockfile v1


bobflux@*:
  version "10.0.2"
  resolved "https://registry.yarnpkg.com/bobflux/-/bobflux-10.0.2.tgz#7ee9c383bb06e6d0fc3dda622765d6602382a231"
  integrity sha512-il4w2JKzcKEJyLpY1Yiy47nE1qkBs2zAABxN/Lhue/uY4kBMAs2BaGOTylY+5hpVIkRQGJfsOjyC8hQ42wpQUw==
  dependencies:
    bobril "*"
    fun-model "6.*"

bobril@*:
  version "20.4.0"
  resolved "https://registry.yarnpkg.com/bobril/-/bobril-20.4.0.tgz#2808af926a704310dd1c99ab1b0062cc05c4e667"
  integrity sha512-VdEo6bQNF/6OtHbBKgE6RrH+zLa0ycBBFMbN4Yl1ga1za22OJ8/ZBTSH0hIiqAGtVYbgJfwi/V5gHy6ptHpypA==

fun-model@6.*:
  version "6.5.0"
  resolved "https://registry.yarnpkg.com/fun-model/-/fun-model-6.5.0.tgz#290a97e803e932f746c12b78f34ca98123dfb3f3"
  integrity sha512-UaFdMWeGGk116Hc7h3wD6WxztRCSts3qqzZth6ul0ltJB0oaG/9Q+0NaSFlfMxsa/rT6etmMiTpYt16uMVeqaQ==

typescript@*:
  version "4.8.3"
  resolved "https://registry.yarnpkg.com/typescript/-/typescript-4.8.3.tgz#d59344522c4bc464a65a730ac695007fdb66dd88"
  integrity sha512-goMHfm00nWPa8UvR/CPSvykqf6dVV8x/dp0c5mFTMTIu0u0FlGWRioyy7Nn0PGAdHxpJZnuO/ut+PpQ8UiHAig==
